// !$*UTF8*$!
{
	archiveVersion = 1;
	classes = {
	};
	objectVersion = 56;
	objects = {

/* Begin PBXBuildFile section */
		336F27052A0BE1BF003EF2C7 /* AppDelegate.swift in Sources */ = {isa = PBXBuildFile; fileRef = 336F27042A0BE1BF003EF2C7 /* AppDelegate.swift */; };
		336F27072A0BE1BF003EF2C7 /* SceneDelegate.swift in Sources */ = {isa = PBXBuildFile; fileRef = 336F27062A0BE1BF003EF2C7 /* SceneDelegate.swift */; };
		336F270E2A0BE1C0003EF2C7 /* Assets.xcassets in Resources */ = {isa = PBXBuildFile; fileRef = 336F270D2A0BE1C0003EF2C7 /* Assets.xcassets */; };
		336F27112A0BE1C0003EF2C7 /* LaunchScreen.storyboard in Resources */ = {isa = PBXBuildFile; fileRef = 336F270F2A0BE1C0003EF2C7 /* LaunchScreen.storyboard */; };
		336F271C2A0BE1C0003EF2C7 /* RickNMortyTests.swift in Sources */ = {isa = PBXBuildFile; fileRef = 336F271B2A0BE1C0003EF2C7 /* RickNMortyTests.swift */; };
		336F27262A0BE1C0003EF2C7 /* RickNMortyUITests.swift in Sources */ = {isa = PBXBuildFile; fileRef = 336F27252A0BE1C0003EF2C7 /* RickNMortyUITests.swift */; };
		336F27282A0BE1C0003EF2C7 /* RickNMortyUITestsLaunchTests.swift in Sources */ = {isa = PBXBuildFile; fileRef = 336F27272A0BE1C0003EF2C7 /* RickNMortyUITestsLaunchTests.swift */; };
		339E09592A0BF9550049956E /* RMTabBarController.swift in Sources */ = {isa = PBXBuildFile; fileRef = 339E09582A0BF9550049956E /* RMTabBarController.swift */; };
		339E095B2A0BF99F0049956E /* RMCharacterViewController.swift in Sources */ = {isa = PBXBuildFile; fileRef = 339E095A2A0BF99F0049956E /* RMCharacterViewController.swift */; };
		339E095D2A0BF9CE0049956E /* RMEpisodeListViewController.swift in Sources */ = {isa = PBXBuildFile; fileRef = 339E095C2A0BF9CE0049956E /* RMEpisodeListViewController.swift */; };
		339E095F2A0BF9DE0049956E /* RMLocationListViewController.swift in Sources */ = {isa = PBXBuildFile; fileRef = 339E095E2A0BF9DE0049956E /* RMLocationListViewController.swift */; };
		339E09662A0BFF320049956E /* CharacterTableViewCell.swift in Sources */ = {isa = PBXBuildFile; fileRef = 339E09642A0BFF320049956E /* CharacterTableViewCell.swift */; };
		339E09672A0BFF320049956E /* CharacterTableViewCell.xib in Resources */ = {isa = PBXBuildFile; fileRef = 339E09652A0BFF320049956E /* CharacterTableViewCell.xib */; };
		339E096C2A0BFF760049956E /* CharacterCollectionViewCell.swift in Sources */ = {isa = PBXBuildFile; fileRef = 339E096A2A0BFF760049956E /* CharacterCollectionViewCell.swift */; };
		339E096D2A0BFF760049956E /* CharacterCollectionViewCell.xib in Resources */ = {isa = PBXBuildFile; fileRef = 339E096B2A0BFF760049956E /* CharacterCollectionViewCell.xib */; };
		339E09752A0C003A0049956E /* RMImageLoader.swift in Sources */ = {isa = PBXBuildFile; fileRef = 339E096F2A0C003A0049956E /* RMImageLoader.swift */; };
		339E09762A0C003A0049956E /* RMAPICacheManager.swift in Sources */ = {isa = PBXBuildFile; fileRef = 339E09702A0C003A0049956E /* RMAPICacheManager.swift */; };
		339E09772A0C003A0049956E /* RMService.swift in Sources */ = {isa = PBXBuildFile; fileRef = 339E09722A0C003A0049956E /* RMService.swift */; };
		339E09782A0C003A0049956E /* RMRequest.swift in Sources */ = {isa = PBXBuildFile; fileRef = 339E09732A0C003A0049956E /* RMRequest.swift */; };
		339E09792A0C003A0049956E /* RMEndpoint.swift in Sources */ = {isa = PBXBuildFile; fileRef = 339E09742A0C003A0049956E /* RMEndpoint.swift */; };
		339E09872A0C006E0049956E /* RMOrigin.swift in Sources */ = {isa = PBXBuildFile; fileRef = 339E097C2A0C006E0049956E /* RMOrigin.swift */; };
		339E09882A0C006E0049956E /* RMCharacter.swift in Sources */ = {isa = PBXBuildFile; fileRef = 339E097D2A0C006E0049956E /* RMCharacter.swift */; };
		339E09892A0C006E0049956E /* RMCharacterStatus.swift in Sources */ = {isa = PBXBuildFile; fileRef = 339E097E2A0C006E0049956E /* RMCharacterStatus.swift */; };
		339E098A2A0C006E0049956E /* RMLocation.swift in Sources */ = {isa = PBXBuildFile; fileRef = 339E097F2A0C006E0049956E /* RMLocation.swift */; };
		339E098B2A0C006E0049956E /* RMEpisode.swift in Sources */ = {isa = PBXBuildFile; fileRef = 339E09802A0C006E0049956E /* RMEpisode.swift */; };
		339E098C2A0C006E0049956E /* RMCharacterGender.swift in Sources */ = {isa = PBXBuildFile; fileRef = 339E09812A0C006E0049956E /* RMCharacterGender.swift */; };
		339E098D2A0C006E0049956E /* RMSingleLocation.swift in Sources */ = {isa = PBXBuildFile; fileRef = 339E09822A0C006E0049956E /* RMSingleLocation.swift */; };
		339E098E2A0C006E0049956E /* RMGetAllCharactersResponse.swift in Sources */ = {isa = PBXBuildFile; fileRef = 339E09842A0C006E0049956E /* RMGetAllCharactersResponse.swift */; };
		339E098F2A0C006E0049956E /* RMGetLocationsResponse.swift in Sources */ = {isa = PBXBuildFile; fileRef = 339E09852A0C006E0049956E /* RMGetLocationsResponse.swift */; };
		339E09902A0C006E0049956E /* RMGetAllEpisodesResponse.swift in Sources */ = {isa = PBXBuildFile; fileRef = 339E09862A0C006E0049956E /* RMGetAllEpisodesResponse.swift */; };
		339E09932A0C0EFF0049956E /* RMCharacterViewModel.swift in Sources */ = {isa = PBXBuildFile; fileRef = 339E09922A0C0EFF0049956E /* RMCharacterViewModel.swift */; };
		33B16CD32A0C14CF00516439 /* RMCharacterVC.storyboard in Resources */ = {isa = PBXBuildFile; fileRef = 33B16CD22A0C14CF00516439 /* RMCharacterVC.storyboard */; };
		33B16D552A0D5C9E00516439 /* RMCharacterDetailVC.storyboard in Resources */ = {isa = PBXBuildFile; fileRef = 33B16D542A0D5C9E00516439 /* RMCharacterDetailVC.storyboard */; };
		33B16D572A0D5CBE00516439 /* RMCharacterDetailViewController.swift in Sources */ = {isa = PBXBuildFile; fileRef = 33B16D562A0D5CBE00516439 /* RMCharacterDetailViewController.swift */; };
		33B16D592A0D773000516439 /* Extensions.swift in Sources */ = {isa = PBXBuildFile; fileRef = 33B16D582A0D773000516439 /* Extensions.swift */; };
/* End PBXBuildFile section */

/* Begin PBXContainerItemProxy section */
		336F27182A0BE1C0003EF2C7 /* PBXContainerItemProxy */ = {
			isa = PBXContainerItemProxy;
			containerPortal = 336F26F92A0BE1BF003EF2C7 /* Project object */;
			proxyType = 1;
			remoteGlobalIDString = 336F27002A0BE1BF003EF2C7;
			remoteInfo = RickNMorty;
		};
		336F27222A0BE1C0003EF2C7 /* PBXContainerItemProxy */ = {
			isa = PBXContainerItemProxy;
			containerPortal = 336F26F92A0BE1BF003EF2C7 /* Project object */;
			proxyType = 1;
			remoteGlobalIDString = 336F27002A0BE1BF003EF2C7;
			remoteInfo = RickNMorty;
		};
/* End PBXContainerItemProxy section */

/* Begin PBXFileReference section */
		336F27012A0BE1BF003EF2C7 /* RickNMorty.app */ = {isa = PBXFileReference; explicitFileType = wrapper.application; includeInIndex = 0; path = RickNMorty.app; sourceTree = BUILT_PRODUCTS_DIR; };
		336F27042A0BE1BF003EF2C7 /* AppDelegate.swift */ = {isa = PBXFileReference; lastKnownFileType = sourcecode.swift; path = AppDelegate.swift; sourceTree = "<group>"; };
		336F27062A0BE1BF003EF2C7 /* SceneDelegate.swift */ = {isa = PBXFileReference; lastKnownFileType = sourcecode.swift; path = SceneDelegate.swift; sourceTree = "<group>"; };
		336F270D2A0BE1C0003EF2C7 /* Assets.xcassets */ = {isa = PBXFileReference; lastKnownFileType = folder.assetcatalog; path = Assets.xcassets; sourceTree = "<group>"; };
		336F27102A0BE1C0003EF2C7 /* Base */ = {isa = PBXFileReference; lastKnownFileType = file.storyboard; name = Base; path = Base.lproj/LaunchScreen.storyboard; sourceTree = "<group>"; };
		336F27122A0BE1C0003EF2C7 /* Info.plist */ = {isa = PBXFileReference; lastKnownFileType = text.plist.xml; path = Info.plist; sourceTree = "<group>"; };
		336F27172A0BE1C0003EF2C7 /* RickNMortyTests.xctest */ = {isa = PBXFileReference; explicitFileType = wrapper.cfbundle; includeInIndex = 0; path = RickNMortyTests.xctest; sourceTree = BUILT_PRODUCTS_DIR; };
		336F271B2A0BE1C0003EF2C7 /* RickNMortyTests.swift */ = {isa = PBXFileReference; lastKnownFileType = sourcecode.swift; path = RickNMortyTests.swift; sourceTree = "<group>"; };
		336F27212A0BE1C0003EF2C7 /* RickNMortyUITests.xctest */ = {isa = PBXFileReference; explicitFileType = wrapper.cfbundle; includeInIndex = 0; path = RickNMortyUITests.xctest; sourceTree = BUILT_PRODUCTS_DIR; };
		336F27252A0BE1C0003EF2C7 /* RickNMortyUITests.swift */ = {isa = PBXFileReference; lastKnownFileType = sourcecode.swift; path = RickNMortyUITests.swift; sourceTree = "<group>"; };
		336F27272A0BE1C0003EF2C7 /* RickNMortyUITestsLaunchTests.swift */ = {isa = PBXFileReference; lastKnownFileType = sourcecode.swift; path = RickNMortyUITestsLaunchTests.swift; sourceTree = "<group>"; };
		339E09582A0BF9550049956E /* RMTabBarController.swift */ = {isa = PBXFileReference; lastKnownFileType = sourcecode.swift; path = RMTabBarController.swift; sourceTree = "<group>"; };
		339E095A2A0BF99F0049956E /* RMCharacterViewController.swift */ = {isa = PBXFileReference; lastKnownFileType = sourcecode.swift; path = RMCharacterViewController.swift; sourceTree = "<group>"; };
		339E095C2A0BF9CE0049956E /* RMEpisodeListViewController.swift */ = {isa = PBXFileReference; lastKnownFileType = sourcecode.swift; path = RMEpisodeListViewController.swift; sourceTree = "<group>"; };
		339E095E2A0BF9DE0049956E /* RMLocationListViewController.swift */ = {isa = PBXFileReference; lastKnownFileType = sourcecode.swift; path = RMLocationListViewController.swift; sourceTree = "<group>"; };
		339E09642A0BFF320049956E /* CharacterTableViewCell.swift */ = {isa = PBXFileReference; lastKnownFileType = sourcecode.swift; path = CharacterTableViewCell.swift; sourceTree = "<group>"; };
		339E09652A0BFF320049956E /* CharacterTableViewCell.xib */ = {isa = PBXFileReference; lastKnownFileType = file.xib; path = CharacterTableViewCell.xib; sourceTree = "<group>"; };
		339E096A2A0BFF760049956E /* CharacterCollectionViewCell.swift */ = {isa = PBXFileReference; lastKnownFileType = sourcecode.swift; path = CharacterCollectionViewCell.swift; sourceTree = "<group>"; };
		339E096B2A0BFF760049956E /* CharacterCollectionViewCell.xib */ = {isa = PBXFileReference; lastKnownFileType = file.xib; path = CharacterCollectionViewCell.xib; sourceTree = "<group>"; };
		339E096F2A0C003A0049956E /* RMImageLoader.swift */ = {isa = PBXFileReference; fileEncoding = 4; lastKnownFileType = sourcecode.swift; path = RMImageLoader.swift; sourceTree = "<group>"; };
		339E09702A0C003A0049956E /* RMAPICacheManager.swift */ = {isa = PBXFileReference; fileEncoding = 4; lastKnownFileType = sourcecode.swift; path = RMAPICacheManager.swift; sourceTree = "<group>"; };
		339E09722A0C003A0049956E /* RMService.swift */ = {isa = PBXFileReference; fileEncoding = 4; lastKnownFileType = sourcecode.swift; path = RMService.swift; sourceTree = "<group>"; };
		339E09732A0C003A0049956E /* RMRequest.swift */ = {isa = PBXFileReference; fileEncoding = 4; lastKnownFileType = sourcecode.swift; path = RMRequest.swift; sourceTree = "<group>"; };
		339E09742A0C003A0049956E /* RMEndpoint.swift */ = {isa = PBXFileReference; fileEncoding = 4; lastKnownFileType = sourcecode.swift; path = RMEndpoint.swift; sourceTree = "<group>"; };
		339E097C2A0C006E0049956E /* RMOrigin.swift */ = {isa = PBXFileReference; fileEncoding = 4; lastKnownFileType = sourcecode.swift; path = RMOrigin.swift; sourceTree = "<group>"; };
		339E097D2A0C006E0049956E /* RMCharacter.swift */ = {isa = PBXFileReference; fileEncoding = 4; lastKnownFileType = sourcecode.swift; path = RMCharacter.swift; sourceTree = "<group>"; };
		339E097E2A0C006E0049956E /* RMCharacterStatus.swift */ = {isa = PBXFileReference; fileEncoding = 4; lastKnownFileType = sourcecode.swift; path = RMCharacterStatus.swift; sourceTree = "<group>"; };
		339E097F2A0C006E0049956E /* RMLocation.swift */ = {isa = PBXFileReference; fileEncoding = 4; lastKnownFileType = sourcecode.swift; path = RMLocation.swift; sourceTree = "<group>"; };
		339E09802A0C006E0049956E /* RMEpisode.swift */ = {isa = PBXFileReference; fileEncoding = 4; lastKnownFileType = sourcecode.swift; path = RMEpisode.swift; sourceTree = "<group>"; };
		339E09812A0C006E0049956E /* RMCharacterGender.swift */ = {isa = PBXFileReference; fileEncoding = 4; lastKnownFileType = sourcecode.swift; path = RMCharacterGender.swift; sourceTree = "<group>"; };
		339E09822A0C006E0049956E /* RMSingleLocation.swift */ = {isa = PBXFileReference; fileEncoding = 4; lastKnownFileType = sourcecode.swift; path = RMSingleLocation.swift; sourceTree = "<group>"; };
		339E09842A0C006E0049956E /* RMGetAllCharactersResponse.swift */ = {isa = PBXFileReference; fileEncoding = 4; lastKnownFileType = sourcecode.swift; path = RMGetAllCharactersResponse.swift; sourceTree = "<group>"; };
		339E09852A0C006E0049956E /* RMGetLocationsResponse.swift */ = {isa = PBXFileReference; fileEncoding = 4; lastKnownFileType = sourcecode.swift; path = RMGetLocationsResponse.swift; sourceTree = "<group>"; };
		339E09862A0C006E0049956E /* RMGetAllEpisodesResponse.swift */ = {isa = PBXFileReference; fileEncoding = 4; lastKnownFileType = sourcecode.swift; path = RMGetAllEpisodesResponse.swift; sourceTree = "<group>"; };
		339E09922A0C0EFF0049956E /* RMCharacterViewModel.swift */ = {isa = PBXFileReference; lastKnownFileType = sourcecode.swift; path = RMCharacterViewModel.swift; sourceTree = "<group>"; };
		33B16CD22A0C14CF00516439 /* RMCharacterVC.storyboard */ = {isa = PBXFileReference; lastKnownFileType = file.storyboard; path = RMCharacterVC.storyboard; sourceTree = "<group>"; };
		33B16D542A0D5C9E00516439 /* RMCharacterDetailVC.storyboard */ = {isa = PBXFileReference; lastKnownFileType = file.storyboard; path = RMCharacterDetailVC.storyboard; sourceTree = "<group>"; };
		33B16D562A0D5CBE00516439 /* RMCharacterDetailViewController.swift */ = {isa = PBXFileReference; lastKnownFileType = sourcecode.swift; path = RMCharacterDetailViewController.swift; sourceTree = "<group>"; };
		33B16D582A0D773000516439 /* Extensions.swift */ = {isa = PBXFileReference; lastKnownFileType = sourcecode.swift; path = Extensions.swift; sourceTree = "<group>"; };
/* End PBXFileReference section */

/* Begin PBXFrameworksBuildPhase section */
		336F26FE2A0BE1BF003EF2C7 /* Frameworks */ = {
			isa = PBXFrameworksBuildPhase;
			buildActionMask = 2147483647;
			files = (
			);
			runOnlyForDeploymentPostprocessing = 0;
		};
		336F27142A0BE1C0003EF2C7 /* Frameworks */ = {
			isa = PBXFrameworksBuildPhase;
			buildActionMask = 2147483647;
			files = (
			);
			runOnlyForDeploymentPostprocessing = 0;
		};
		336F271E2A0BE1C0003EF2C7 /* Frameworks */ = {
			isa = PBXFrameworksBuildPhase;
			buildActionMask = 2147483647;
			files = (
			);
			runOnlyForDeploymentPostprocessing = 0;
		};
/* End PBXFrameworksBuildPhase section */

/* Begin PBXGroup section */
		336F26F82A0BE1BF003EF2C7 = {
			isa = PBXGroup;
			children = (
				33B16D582A0D773000516439 /* Extensions.swift */,
				336F27032A0BE1BF003EF2C7 /* RickNMorty */,
				336F271A2A0BE1C0003EF2C7 /* RickNMortyTests */,
				336F27242A0BE1C0003EF2C7 /* RickNMortyUITests */,
				336F27022A0BE1BF003EF2C7 /* Products */,
			);
			sourceTree = "<group>";
		};
		336F27022A0BE1BF003EF2C7 /* Products */ = {
			isa = PBXGroup;
			children = (
				336F27012A0BE1BF003EF2C7 /* RickNMorty.app */,
				336F27172A0BE1C0003EF2C7 /* RickNMortyTests.xctest */,
				336F27212A0BE1C0003EF2C7 /* RickNMortyUITests.xctest */,
			);
			name = Products;
			sourceTree = "<group>";
		};
		336F27032A0BE1BF003EF2C7 /* RickNMorty */ = {
			isa = PBXGroup;
			children = (
				339E09912A0C0C800049956E /* ViewModels */,
				339E097A2A0C006E0049956E /* Models */,
				339E09712A0C003A0049956E /* APIClient */,
				339E096E2A0C003A0049956E /* Managers */,
				339E09622A0BFF160049956E /* Cells */,
				339E09562A0BF9280049956E /* ViewControllers */,
				339E094F2A0BF4B20049956E /* Views */,
				336F27042A0BE1BF003EF2C7 /* AppDelegate.swift */,
				336F27062A0BE1BF003EF2C7 /* SceneDelegate.swift */,
				336F270D2A0BE1C0003EF2C7 /* Assets.xcassets */,
				336F270F2A0BE1C0003EF2C7 /* LaunchScreen.storyboard */,
				336F27122A0BE1C0003EF2C7 /* Info.plist */,
			);
			path = RickNMorty;
			sourceTree = "<group>";
		};
		336F271A2A0BE1C0003EF2C7 /* RickNMortyTests */ = {
			isa = PBXGroup;
			children = (
				336F271B2A0BE1C0003EF2C7 /* RickNMortyTests.swift */,
			);
			path = RickNMortyTests;
			sourceTree = "<group>";
		};
		336F27242A0BE1C0003EF2C7 /* RickNMortyUITests */ = {
			isa = PBXGroup;
			children = (
				336F27252A0BE1C0003EF2C7 /* RickNMortyUITests.swift */,
				336F27272A0BE1C0003EF2C7 /* RickNMortyUITestsLaunchTests.swift */,
			);
			path = RickNMortyUITests;
			sourceTree = "<group>";
		};
		339E094F2A0BF4B20049956E /* Views */ = {
			isa = PBXGroup;
			children = (
				33B16CD22A0C14CF00516439 /* RMCharacterVC.storyboard */,
				33B16D542A0D5C9E00516439 /* RMCharacterDetailVC.storyboard */,
			);
			path = Views;
			sourceTree = "<group>";
		};
		339E09562A0BF9280049956E /* ViewControllers */ = {
			isa = PBXGroup;
			children = (
				339E09582A0BF9550049956E /* RMTabBarController.swift */,
				339E095A2A0BF99F0049956E /* RMCharacterViewController.swift */,
				339E095C2A0BF9CE0049956E /* RMEpisodeListViewController.swift */,
				339E095E2A0BF9DE0049956E /* RMLocationListViewController.swift */,
				33B16D562A0D5CBE00516439 /* RMCharacterDetailViewController.swift */,
			);
			path = ViewControllers;
			sourceTree = "<group>";
		};
		339E09622A0BFF160049956E /* Cells */ = {
			isa = PBXGroup;
			children = (
				339E09632A0BFF1D0049956E /* Characters */,
			);
			path = Cells;
			sourceTree = "<group>";
		};
		339E09632A0BFF1D0049956E /* Characters */ = {
			isa = PBXGroup;
			children = (
				339E09692A0BFF4F0049956E /* CharacterCollectionCell */,
				339E09682A0BFF400049956E /* CharactersTableCell */,
			);
			path = Characters;
			sourceTree = "<group>";
		};
		339E09682A0BFF400049956E /* CharactersTableCell */ = {
			isa = PBXGroup;
			children = (
				339E09642A0BFF320049956E /* CharacterTableViewCell.swift */,
				339E09652A0BFF320049956E /* CharacterTableViewCell.xib */,
			);
			path = CharactersTableCell;
			sourceTree = "<group>";
		};
		339E09692A0BFF4F0049956E /* CharacterCollectionCell */ = {
			isa = PBXGroup;
			children = (
				339E096A2A0BFF760049956E /* CharacterCollectionViewCell.swift */,
				339E096B2A0BFF760049956E /* CharacterCollectionViewCell.xib */,
			);
			path = CharacterCollectionCell;
			sourceTree = "<group>";
		};
		339E096E2A0C003A0049956E /* Managers */ = {
			isa = PBXGroup;
			children = (
				339E096F2A0C003A0049956E /* RMImageLoader.swift */,
				339E09702A0C003A0049956E /* RMAPICacheManager.swift */,
			);
			path = Managers;
			sourceTree = "<group>";
		};
		339E09712A0C003A0049956E /* APIClient */ = {
			isa = PBXGroup;
			children = (
				339E09722A0C003A0049956E /* RMService.swift */,
				339E09732A0C003A0049956E /* RMRequest.swift */,
				339E09742A0C003A0049956E /* RMEndpoint.swift */,
			);
			path = APIClient;
			sourceTree = "<group>";
		};
		339E097A2A0C006E0049956E /* Models */ = {
			isa = PBXGroup;
			children = (
				339E097B2A0C006E0049956E /* DataTypes */,
				339E09832A0C006E0049956E /* APIResponseTypes */,
			);
			path = Models;
			sourceTree = "<group>";
		};
		339E097B2A0C006E0049956E /* DataTypes */ = {
			isa = PBXGroup;
			children = (
				339E097C2A0C006E0049956E /* RMOrigin.swift */,
				339E097D2A0C006E0049956E /* RMCharacter.swift */,
				339E097E2A0C006E0049956E /* RMCharacterStatus.swift */,
				339E097F2A0C006E0049956E /* RMLocation.swift */,
				339E09802A0C006E0049956E /* RMEpisode.swift */,
				339E09812A0C006E0049956E /* RMCharacterGender.swift */,
				339E09822A0C006E0049956E /* RMSingleLocation.swift */,
			);
			path = DataTypes;
			sourceTree = "<group>";
		};
		339E09832A0C006E0049956E /* APIResponseTypes */ = {
			isa = PBXGroup;
			children = (
				339E09842A0C006E0049956E /* RMGetAllCharactersResponse.swift */,
				339E09852A0C006E0049956E /* RMGetLocationsResponse.swift */,
				339E09862A0C006E0049956E /* RMGetAllEpisodesResponse.swift */,
			);
			path = APIResponseTypes;
			sourceTree = "<group>";
		};
		339E09912A0C0C800049956E /* ViewModels */ = {
			isa = PBXGroup;
			children = (
				339E09922A0C0EFF0049956E /* RMCharacterViewModel.swift */,
			);
			path = ViewModels;
			sourceTree = "<group>";
		};
/* End PBXGroup section */

/* Begin PBXNativeTarget section */
		336F27002A0BE1BF003EF2C7 /* RickNMorty */ = {
			isa = PBXNativeTarget;
			buildConfigurationList = 336F272B2A0BE1C0003EF2C7 /* Build configuration list for PBXNativeTarget "RickNMorty" */;
			buildPhases = (
				336F26FD2A0BE1BF003EF2C7 /* Sources */,
				336F26FE2A0BE1BF003EF2C7 /* Frameworks */,
				336F26FF2A0BE1BF003EF2C7 /* Resources */,
			);
			buildRules = (
			);
			dependencies = (
			);
			name = RickNMorty;
			productName = RickNMorty;
			productReference = 336F27012A0BE1BF003EF2C7 /* RickNMorty.app */;
			productType = "com.apple.product-type.application";
		};
		336F27162A0BE1C0003EF2C7 /* RickNMortyTests */ = {
			isa = PBXNativeTarget;
			buildConfigurationList = 336F272E2A0BE1C0003EF2C7 /* Build configuration list for PBXNativeTarget "RickNMortyTests" */;
			buildPhases = (
				336F27132A0BE1C0003EF2C7 /* Sources */,
				336F27142A0BE1C0003EF2C7 /* Frameworks */,
				336F27152A0BE1C0003EF2C7 /* Resources */,
			);
			buildRules = (
			);
			dependencies = (
				336F27192A0BE1C0003EF2C7 /* PBXTargetDependency */,
			);
			name = RickNMortyTests;
			productName = RickNMortyTests;
			productReference = 336F27172A0BE1C0003EF2C7 /* RickNMortyTests.xctest */;
			productType = "com.apple.product-type.bundle.unit-test";
		};
		336F27202A0BE1C0003EF2C7 /* RickNMortyUITests */ = {
			isa = PBXNativeTarget;
			buildConfigurationList = 336F27312A0BE1C0003EF2C7 /* Build configuration list for PBXNativeTarget "RickNMortyUITests" */;
			buildPhases = (
				336F271D2A0BE1C0003EF2C7 /* Sources */,
				336F271E2A0BE1C0003EF2C7 /* Frameworks */,
				336F271F2A0BE1C0003EF2C7 /* Resources */,
			);
			buildRules = (
			);
			dependencies = (
				336F27232A0BE1C0003EF2C7 /* PBXTargetDependency */,
			);
			name = RickNMortyUITests;
			productName = RickNMortyUITests;
			productReference = 336F27212A0BE1C0003EF2C7 /* RickNMortyUITests.xctest */;
			productType = "com.apple.product-type.bundle.ui-testing";
		};
/* End PBXNativeTarget section */

/* Begin PBXProject section */
		336F26F92A0BE1BF003EF2C7 /* Project object */ = {
			isa = PBXProject;
			attributes = {
				BuildIndependentTargetsInParallel = 1;
				LastSwiftUpdateCheck = 1420;
				LastUpgradeCheck = 1420;
				TargetAttributes = {
					336F27002A0BE1BF003EF2C7 = {
						CreatedOnToolsVersion = 14.2;
					};
					336F27162A0BE1C0003EF2C7 = {
						CreatedOnToolsVersion = 14.2;
						TestTargetID = 336F27002A0BE1BF003EF2C7;
					};
					336F27202A0BE1C0003EF2C7 = {
						CreatedOnToolsVersion = 14.2;
						TestTargetID = 336F27002A0BE1BF003EF2C7;
					};
				};
			};
			buildConfigurationList = 336F26FC2A0BE1BF003EF2C7 /* Build configuration list for PBXProject "RickNMorty" */;
			compatibilityVersion = "Xcode 14.0";
			developmentRegion = en;
			hasScannedForEncodings = 0;
			knownRegions = (
				en,
				Base,
			);
			mainGroup = 336F26F82A0BE1BF003EF2C7;
			productRefGroup = 336F27022A0BE1BF003EF2C7 /* Products */;
			projectDirPath = "";
			projectRoot = "";
			targets = (
				336F27002A0BE1BF003EF2C7 /* RickNMorty */,
				336F27162A0BE1C0003EF2C7 /* RickNMortyTests */,
				336F27202A0BE1C0003EF2C7 /* RickNMortyUITests */,
			);
		};
/* End PBXProject section */

/* Begin PBXResourcesBuildPhase section */
		336F26FF2A0BE1BF003EF2C7 /* Resources */ = {
			isa = PBXResourcesBuildPhase;
			buildActionMask = 2147483647;
			files = (
				33B16CD32A0C14CF00516439 /* RMCharacterVC.storyboard in Resources */,
				336F27112A0BE1C0003EF2C7 /* LaunchScreen.storyboard in Resources */,
				336F270E2A0BE1C0003EF2C7 /* Assets.xcassets in Resources */,
				339E096D2A0BFF760049956E /* CharacterCollectionViewCell.xib in Resources */,
				339E09672A0BFF320049956E /* CharacterTableViewCell.xib in Resources */,
				33B16D552A0D5C9E00516439 /* RMCharacterDetailVC.storyboard in Resources */,
			);
			runOnlyForDeploymentPostprocessing = 0;
		};
		336F27152A0BE1C0003EF2C7 /* Resources */ = {
			isa = PBXResourcesBuildPhase;
			buildActionMask = 2147483647;
			files = (
			);
			runOnlyForDeploymentPostprocessing = 0;
		};
		336F271F2A0BE1C0003EF2C7 /* Resources */ = {
			isa = PBXResourcesBuildPhase;
			buildActionMask = 2147483647;
			files = (
			);
			runOnlyForDeploymentPostprocessing = 0;
		};
/* End PBXResourcesBuildPhase section */

/* Begin PBXSourcesBuildPhase section */
		336F26FD2A0BE1BF003EF2C7 /* Sources */ = {
			isa = PBXSourcesBuildPhase;
			buildActionMask = 2147483647;
			files = (
				339E09872A0C006E0049956E /* RMOrigin.swift in Sources */,
				339E096C2A0BFF760049956E /* CharacterCollectionViewCell.swift in Sources */,
				339E09892A0C006E0049956E /* RMCharacterStatus.swift in Sources */,
				339E095B2A0BF99F0049956E /* RMCharacterViewController.swift in Sources */,
				339E09662A0BFF320049956E /* CharacterTableViewCell.swift in Sources */,
				339E09932A0C0EFF0049956E /* RMCharacterViewModel.swift in Sources */,
				339E098F2A0C006E0049956E /* RMGetLocationsResponse.swift in Sources */,
				339E095F2A0BF9DE0049956E /* RMLocationListViewController.swift in Sources */,
				339E09902A0C006E0049956E /* RMGetAllEpisodesResponse.swift in Sources */,
				339E09752A0C003A0049956E /* RMImageLoader.swift in Sources */,
				336F27052A0BE1BF003EF2C7 /* AppDelegate.swift in Sources */,
				33B16D572A0D5CBE00516439 /* RMCharacterDetailViewController.swift in Sources */,
				339E09592A0BF9550049956E /* RMTabBarController.swift in Sources */,
				339E09772A0C003A0049956E /* RMService.swift in Sources */,
				339E09882A0C006E0049956E /* RMCharacter.swift in Sources */,
				339E098E2A0C006E0049956E /* RMGetAllCharactersResponse.swift in Sources */,
				339E098D2A0C006E0049956E /* RMSingleLocation.swift in Sources */,
				336F27072A0BE1BF003EF2C7 /* SceneDelegate.swift in Sources */,
				339E098B2A0C006E0049956E /* RMEpisode.swift in Sources */,
				339E09792A0C003A0049956E /* RMEndpoint.swift in Sources */,
				339E098A2A0C006E0049956E /* RMLocation.swift in Sources */,
				33B16D592A0D773000516439 /* Extensions.swift in Sources */,
				339E098C2A0C006E0049956E /* RMCharacterGender.swift in Sources */,
				339E09762A0C003A0049956E /* RMAPICacheManager.swift in Sources */,
				339E09782A0C003A0049956E /* RMRequest.swift in Sources */,
				339E095D2A0BF9CE0049956E /* RMEpisodeListViewController.swift in Sources */,
			);
			runOnlyForDeploymentPostprocessing = 0;
		};
		336F27132A0BE1C0003EF2C7 /* Sources */ = {
			isa = PBXSourcesBuildPhase;
			buildActionMask = 2147483647;
			files = (
				336F271C2A0BE1C0003EF2C7 /* RickNMortyTests.swift in Sources */,
			);
			runOnlyForDeploymentPostprocessing = 0;
		};
		336F271D2A0BE1C0003EF2C7 /* Sources */ = {
			isa = PBXSourcesBuildPhase;
			buildActionMask = 2147483647;
			files = (
				336F27282A0BE1C0003EF2C7 /* RickNMortyUITestsLaunchTests.swift in Sources */,
				336F27262A0BE1C0003EF2C7 /* RickNMortyUITests.swift in Sources */,
			);
			runOnlyForDeploymentPostprocessing = 0;
		};
/* End PBXSourcesBuildPhase section */

/* Begin PBXTargetDependency section */
		336F27192A0BE1C0003EF2C7 /* PBXTargetDependency */ = {
			isa = PBXTargetDependency;
			target = 336F27002A0BE1BF003EF2C7 /* RickNMorty */;
			targetProxy = 336F27182A0BE1C0003EF2C7 /* PBXContainerItemProxy */;
		};
		336F27232A0BE1C0003EF2C7 /* PBXTargetDependency */ = {
			isa = PBXTargetDependency;
			target = 336F27002A0BE1BF003EF2C7 /* RickNMorty */;
			targetProxy = 336F27222A0BE1C0003EF2C7 /* PBXContainerItemProxy */;
		};
/* End PBXTargetDependency section */

/* Begin PBXVariantGroup section */
		336F270F2A0BE1C0003EF2C7 /* LaunchScreen.storyboard */ = {
			isa = PBXVariantGroup;
			children = (
				336F27102A0BE1C0003EF2C7 /* Base */,
			);
			name = LaunchScreen.storyboard;
			sourceTree = "<group>";
		};
/* End PBXVariantGroup section */

/* Begin XCBuildConfiguration section */
		336F27292A0BE1C0003EF2C7 /* Debug */ = {
			isa = XCBuildConfiguration;
			buildSettings = {
				ALWAYS_SEARCH_USER_PATHS = NO;
				CLANG_ANALYZER_NONNULL = YES;
				CLANG_ANALYZER_NUMBER_OBJECT_CONVERSION = YES_AGGRESSIVE;
				CLANG_CXX_LANGUAGE_STANDARD = "gnu++20";
				CLANG_ENABLE_MODULES = YES;
				CLANG_ENABLE_OBJC_ARC = YES;
				CLANG_ENABLE_OBJC_WEAK = YES;
				CLANG_WARN_BLOCK_CAPTURE_AUTORELEASING = YES;
				CLANG_WARN_BOOL_CONVERSION = YES;
				CLANG_WARN_COMMA = YES;
				CLANG_WARN_CONSTANT_CONVERSION = YES;
				CLANG_WARN_DEPRECATED_OBJC_IMPLEMENTATIONS = YES;
				CLANG_WARN_DIRECT_OBJC_ISA_USAGE = YES_ERROR;
				CLANG_WARN_DOCUMENTATION_COMMENTS = YES;
				CLANG_WARN_EMPTY_BODY = YES;
				CLANG_WARN_ENUM_CONVERSION = YES;
				CLANG_WARN_INFINITE_RECURSION = YES;
				CLANG_WARN_INT_CONVERSION = YES;
				CLANG_WARN_NON_LITERAL_NULL_CONVERSION = YES;
				CLANG_WARN_OBJC_IMPLICIT_RETAIN_SELF = YES;
				CLANG_WARN_OBJC_LITERAL_CONVERSION = YES;
				CLANG_WARN_OBJC_ROOT_CLASS = YES_ERROR;
				CLANG_WARN_QUOTED_INCLUDE_IN_FRAMEWORK_HEADER = YES;
				CLANG_WARN_RANGE_LOOP_ANALYSIS = YES;
				CLANG_WARN_STRICT_PROTOTYPES = YES;
				CLANG_WARN_SUSPICIOUS_MOVE = YES;
				CLANG_WARN_UNGUARDED_AVAILABILITY = YES_AGGRESSIVE;
				CLANG_WARN_UNREACHABLE_CODE = YES;
				CLANG_WARN__DUPLICATE_METHOD_MATCH = YES;
				COPY_PHASE_STRIP = NO;
				DEBUG_INFORMATION_FORMAT = dwarf;
				ENABLE_STRICT_OBJC_MSGSEND = YES;
				ENABLE_TESTABILITY = YES;
				GCC_C_LANGUAGE_STANDARD = gnu11;
				GCC_DYNAMIC_NO_PIC = NO;
				GCC_NO_COMMON_BLOCKS = YES;
				GCC_OPTIMIZATION_LEVEL = 0;
				GCC_PREPROCESSOR_DEFINITIONS = (
					"DEBUG=1",
					"$(inherited)",
				);
				GCC_WARN_64_TO_32_BIT_CONVERSION = YES;
				GCC_WARN_ABOUT_RETURN_TYPE = YES_ERROR;
				GCC_WARN_UNDECLARED_SELECTOR = YES;
				GCC_WARN_UNINITIALIZED_AUTOS = YES_AGGRESSIVE;
				GCC_WARN_UNUSED_FUNCTION = YES;
				GCC_WARN_UNUSED_VARIABLE = YES;
				IPHONEOS_DEPLOYMENT_TARGET = 16.2;
				MTL_ENABLE_DEBUG_INFO = INCLUDE_SOURCE;
				MTL_FAST_MATH = YES;
				ONLY_ACTIVE_ARCH = YES;
				SDKROOT = iphoneos;
				SWIFT_ACTIVE_COMPILATION_CONDITIONS = DEBUG;
				SWIFT_OPTIMIZATION_LEVEL = "-Onone";
			};
			name = Debug;
		};
		336F272A2A0BE1C0003EF2C7 /* Release */ = {
			isa = XCBuildConfiguration;
			buildSettings = {
				ALWAYS_SEARCH_USER_PATHS = NO;
				CLANG_ANALYZER_NONNULL = YES;
				CLANG_ANALYZER_NUMBER_OBJECT_CONVERSION = YES_AGGRESSIVE;
				CLANG_CXX_LANGUAGE_STANDARD = "gnu++20";
				CLANG_ENABLE_MODULES = YES;
				CLANG_ENABLE_OBJC_ARC = YES;
				CLANG_ENABLE_OBJC_WEAK = YES;
				CLANG_WARN_BLOCK_CAPTURE_AUTORELEASING = YES;
				CLANG_WARN_BOOL_CONVERSION = YES;
				CLANG_WARN_COMMA = YES;
				CLANG_WARN_CONSTANT_CONVERSION = YES;
				CLANG_WARN_DEPRECATED_OBJC_IMPLEMENTATIONS = YES;
				CLANG_WARN_DIRECT_OBJC_ISA_USAGE = YES_ERROR;
				CLANG_WARN_DOCUMENTATION_COMMENTS = YES;
				CLANG_WARN_EMPTY_BODY = YES;
				CLANG_WARN_ENUM_CONVERSION = YES;
				CLANG_WARN_INFINITE_RECURSION = YES;
				CLANG_WARN_INT_CONVERSION = YES;
				CLANG_WARN_NON_LITERAL_NULL_CONVERSION = YES;
				CLANG_WARN_OBJC_IMPLICIT_RETAIN_SELF = YES;
				CLANG_WARN_OBJC_LITERAL_CONVERSION = YES;
				CLANG_WARN_OBJC_ROOT_CLASS = YES_ERROR;
				CLANG_WARN_QUOTED_INCLUDE_IN_FRAMEWORK_HEADER = YES;
				CLANG_WARN_RANGE_LOOP_ANALYSIS = YES;
				CLANG_WARN_STRICT_PROTOTYPES = YES;
				CLANG_WARN_SUSPICIOUS_MOVE = YES;
				CLANG_WARN_UNGUARDED_AVAILABILITY = YES_AGGRESSIVE;
				CLANG_WARN_UNREACHABLE_CODE = YES;
				CLANG_WARN__DUPLICATE_METHOD_MATCH = YES;
				COPY_PHASE_STRIP = NO;
				DEBUG_INFORMATION_FORMAT = "dwarf-with-dsym";
				ENABLE_NS_ASSERTIONS = NO;
				ENABLE_STRICT_OBJC_MSGSEND = YES;
				GCC_C_LANGUAGE_STANDARD = gnu11;
				GCC_NO_COMMON_BLOCKS = YES;
				GCC_WARN_64_TO_32_BIT_CONVERSION = YES;
				GCC_WARN_ABOUT_RETURN_TYPE = YES_ERROR;
				GCC_WARN_UNDECLARED_SELECTOR = YES;
				GCC_WARN_UNINITIALIZED_AUTOS = YES_AGGRESSIVE;
				GCC_WARN_UNUSED_FUNCTION = YES;
				GCC_WARN_UNUSED_VARIABLE = YES;
				IPHONEOS_DEPLOYMENT_TARGET = 16.2;
				MTL_ENABLE_DEBUG_INFO = NO;
				MTL_FAST_MATH = YES;
				SDKROOT = iphoneos;
				SWIFT_COMPILATION_MODE = wholemodule;
				SWIFT_OPTIMIZATION_LEVEL = "-O";
				VALIDATE_PRODUCT = YES;
			};
			name = Release;
		};
		336F272C2A0BE1C0003EF2C7 /* Debug */ = {
			isa = XCBuildConfiguration;
			buildSettings = {
				ASSETCATALOG_COMPILER_APPICON_NAME = AppIcon;
				ASSETCATALOG_COMPILER_GLOBAL_ACCENT_COLOR_NAME = AccentColor;
				CODE_SIGN_STYLE = Automatic;
				CURRENT_PROJECT_VERSION = 1;
				DEVELOPMENT_TEAM = M7CKSV46H3;
				GENERATE_INFOPLIST_FILE = YES;
				INFOPLIST_FILE = RickNMorty/Info.plist;
				INFOPLIST_KEY_UIApplicationSupportsIndirectInputEvents = YES;
				INFOPLIST_KEY_UILaunchStoryboardName = LaunchScreen;
				INFOPLIST_KEY_UISupportedInterfaceOrientations_iPad = "UIInterfaceOrientationPortrait UIInterfaceOrientationPortraitUpsideDown UIInterfaceOrientationLandscapeLeft UIInterfaceOrientationLandscapeRight";
				INFOPLIST_KEY_UISupportedInterfaceOrientations_iPhone = "UIInterfaceOrientationPortrait UIInterfaceOrientationLandscapeLeft UIInterfaceOrientationLandscapeRight";
				LD_RUNPATH_SEARCH_PATHS = (
					"$(inherited)",
					"@executable_path/Frameworks",
				);
				MARKETING_VERSION = 1.0;
				PRODUCT_BUNDLE_IDENTIFIER = unidentifiable.RickNMorty;
				PRODUCT_NAME = "$(TARGET_NAME)";
				SWIFT_EMIT_LOC_STRINGS = YES;
				SWIFT_VERSION = 5.0;
				TARGETED_DEVICE_FAMILY = "1,2";
			};
			name = Debug;
		};
		336F272D2A0BE1C0003EF2C7 /* Release */ = {
			isa = XCBuildConfiguration;
			buildSettings = {
				ASSETCATALOG_COMPILER_APPICON_NAME = AppIcon;
				ASSETCATALOG_COMPILER_GLOBAL_ACCENT_COLOR_NAME = AccentColor;
				CODE_SIGN_STYLE = Automatic;
				CURRENT_PROJECT_VERSION = 1;
				DEVELOPMENT_TEAM = M7CKSV46H3;
				GENERATE_INFOPLIST_FILE = YES;
				INFOPLIST_FILE = RickNMorty/Info.plist;
				INFOPLIST_KEY_UIApplicationSupportsIndirectInputEvents = YES;
				INFOPLIST_KEY_UILaunchStoryboardName = LaunchScreen;
				INFOPLIST_KEY_UISupportedInterfaceOrientations_iPad = "UIInterfaceOrientationPortrait UIInterfaceOrientationPortraitUpsideDown UIInterfaceOrientationLandscapeLeft UIInterfaceOrientationLandscapeRight";
				INFOPLIST_KEY_UISupportedInterfaceOrientations_iPhone = "UIInterfaceOrientationPortrait UIInterfaceOrientationLandscapeLeft UIInterfaceOrientationLandscapeRight";
				LD_RUNPATH_SEARCH_PATHS = (
					"$(inherited)",
					"@executable_path/Frameworks",
				);
				MARKETING_VERSION = 1.0;
				PRODUCT_BUNDLE_IDENTIFIER = unidentifiable.RickNMorty;
				PRODUCT_NAME = "$(TARGET_NAME)";
				SWIFT_EMIT_LOC_STRINGS = YES;
				SWIFT_VERSION = 5.0;
				TARGETED_DEVICE_FAMILY = "1,2";
			};
			name = Release;
		};
		336F272F2A0BE1C0003EF2C7 /* Debug */ = {
			isa = XCBuildConfiguration;
			buildSettings = {
				ALWAYS_EMBED_SWIFT_STANDARD_LIBRARIES = YES;
				BUNDLE_LOADER = "$(TEST_HOST)";
				CODE_SIGN_STYLE = Automatic;
				CURRENT_PROJECT_VERSION = 1;
				DEVELOPMENT_TEAM = M7CKSV46H3;
				GENERATE_INFOPLIST_FILE = YES;
				IPHONEOS_DEPLOYMENT_TARGET = 16.2;
				MARKETING_VERSION = 1.0;
				PRODUCT_BUNDLE_IDENTIFIER = unidentifiable.RickNMortyTests;
				PRODUCT_NAME = "$(TARGET_NAME)";
				SWIFT_EMIT_LOC_STRINGS = NO;
				SWIFT_VERSION = 5.0;
				TARGETED_DEVICE_FAMILY = "1,2";
				TEST_HOST = "$(BUILT_PRODUCTS_DIR)/RickNMorty.app/$(BUNDLE_EXECUTABLE_FOLDER_PATH)/RickNMorty";
			};
			name = Debug;
		};
		336F27302A0BE1C0003EF2C7 /* Release */ = {
			isa = XCBuildConfiguration;
			buildSettings = {
				ALWAYS_EMBED_SWIFT_STANDARD_LIBRARIES = YES;
				BUNDLE_LOADER = "$(TEST_HOST)";
				CODE_SIGN_STYLE = Automatic;
				CURRENT_PROJECT_VERSION = 1;
				DEVELOPMENT_TEAM = M7CKSV46H3;
				GENERATE_INFOPLIST_FILE = YES;
				IPHONEOS_DEPLOYMENT_TARGET = 16.2;
				MARKETING_VERSION = 1.0;
				PRODUCT_BUNDLE_IDENTIFIER = unidentifiable.RickNMortyTests;
				PRODUCT_NAME = "$(TARGET_NAME)";
				SWIFT_EMIT_LOC_STRINGS = NO;
				SWIFT_VERSION = 5.0;
				TARGETED_DEVICE_FAMILY = "1,2";
				TEST_HOST = "$(BUILT_PRODUCTS_DIR)/RickNMorty.app/$(BUNDLE_EXECUTABLE_FOLDER_PATH)/RickNMorty";
			};
			name = Release;
		};
		336F27322A0BE1C0003EF2C7 /* Debug */ = {
			isa = XCBuildConfiguration;
			buildSettings = {
				ALWAYS_EMBED_SWIFT_STANDARD_LIBRARIES = YES;
				CODE_SIGN_STYLE = Automatic;
				CURRENT_PROJECT_VERSION = 1;
				DEVELOPMENT_TEAM = M7CKSV46H3;
				GENERATE_INFOPLIST_FILE = YES;
				MARKETING_VERSION = 1.0;
				PRODUCT_BUNDLE_IDENTIFIER = unidentifiable.RickNMortyUITests;
				PRODUCT_NAME = "$(TARGET_NAME)";
				SWIFT_EMIT_LOC_STRINGS = NO;
				SWIFT_VERSION = 5.0;
				TARGETED_DEVICE_FAMILY = "1,2";
				TEST_TARGET_NAME = RickNMorty;
			};
			name = Debug;
		};
		336F27332A0BE1C0003EF2C7 /* Release */ = {
			isa = XCBuildConfiguration;
			buildSettings = {
				ALWAYS_EMBED_SWIFT_STANDARD_LIBRARIES = YES;
				CODE_SIGN_STYLE = Automatic;
				CURRENT_PROJECT_VERSION = 1;
				DEVELOPMENT_TEAM = M7CKSV46H3;
				GENERATE_INFOPLIST_FILE = YES;
				MARKETING_VERSION = 1.0;
				PRODUCT_BUNDLE_IDENTIFIER = unidentifiable.RickNMortyUITests;
				PRODUCT_NAME = "$(TARGET_NAME)";
				SWIFT_EMIT_LOC_STRINGS = NO;
				SWIFT_VERSION = 5.0;
				TARGETED_DEVICE_FAMILY = "1,2";
				TEST_TARGET_NAME = RickNMorty;
			};
			name = Release;
		};
/* End XCBuildConfiguration section */

/* Begin XCConfigurationList section */
		336F26FC2A0BE1BF003EF2C7 /* Build configuration list for PBXProject "RickNMorty" */ = {
			isa = XCConfigurationList;
			buildConfigurations = (
				336F27292A0BE1C0003EF2C7 /* Debug */,
				336F272A2A0BE1C0003EF2C7 /* Release */,
			);
			defaultConfigurationIsVisible = 0;
			defaultConfigurationName = Release;
		};
		336F272B2A0BE1C0003EF2C7 /* Build configuration list for PBXNativeTarget "RickNMorty" */ = {
			isa = XCConfigurationList;
			buildConfigurations = (
				336F272C2A0BE1C0003EF2C7 /* Debug */,
				336F272D2A0BE1C0003EF2C7 /* Release */,
			);
			defaultConfigurationIsVisible = 0;
			defaultConfigurationName = Release;
		};
		336F272E2A0BE1C0003EF2C7 /* Build configuration list for PBXNativeTarget "RickNMortyTests" */ = {
			isa = XCConfigurationList;
			buildConfigurations = (
				336F272F2A0BE1C0003EF2C7 /* Debug */,
				336F27302A0BE1C0003EF2C7 /* Release */,
			);
			defaultConfigurationIsVisible = 0;
			defaultConfigurationName = Release;
		};
		336F27312A0BE1C0003EF2C7 /* Build configuration list for PBXNativeTarget "RickNMortyUITests" */ = {
			isa = XCConfigurationList;
			buildConfigurations = (
				336F27322A0BE1C0003EF2C7 /* Debug */,
				336F27332A0BE1C0003EF2C7 /* Release */,
			);
			defaultConfigurationIsVisible = 0;
			defaultConfigurationName = Release;
		};
/* End XCConfigurationList section */
	};
	rootObject = 336F26F92A0BE1BF003EF2C7 /* Project object */;
}
